
Microsoft Visual Studio Solution File, Format Version 12.00
# Visual Studio Version 17
VisualStudioVersion = 17.8.34316.72
MinimumVisualStudioVersion = 10.0.40219.1
Project("{FAE04EC0-301F-11D3-BF4B-00C04F79EFBC}") = "Olsoftware_Aspirante_API", "Olsoftware_Aspirante_API\Olsoftware_Aspirante_API.csproj", "{1E1122AD-05A6-4ADF-A949-808B52778E88}"
EndProject
Project("{FAE04EC0-301F-11D3-BF4B-00C04F79EFBC}") = "Olsoftware_PruebaSeleccion_API", "Olsoftware_PruebaSeleccion_API\Olsoftware_PruebaSeleccion_API.csproj", "{444517EE-1454-4060-8D3C-A90C51258B7D}"
EndProject
Global
	GlobalSection(SolutionConfigurationPlatforms) = preSolution
		Debug|Any CPU = Debug|Any CPU
		Release|Any CPU = Release|Any CPU
	EndGlobalSection
	GlobalSection(ProjectConfigurationPlatforms) = postSolution
		{1E1122AD-05A6-4ADF-A949-808B52778E88}.Debug|Any CPU.ActiveCfg = Debug|Any CPU
		{1E1122AD-05A6-4ADF-A949-808B52778E88}.Debug|Any CPU.Build.0 = Debug|Any CPU
		{1E1122AD-05A6-4ADF-A949-808B52778E88}.Release|Any CPU.ActiveCfg = Release|Any CPU
		{1E1122AD-05A6-4ADF-A949-808B52778E88}.Release|Any CPU.Build.0 = Release|Any CPU
		{444517EE-1454-4060-8D3C-A90C51258B7D}.Debug|Any CPU.ActiveCfg = Debug|Any CPU
		{444517EE-1454-4060-8D3C-A90C51258B7D}.Debug|Any CPU.Build.0 = Debug|Any CPU
		{444517EE-1454-4060-8D3C-A90C51258B7D}.Release|Any CPU.ActiveCfg = Release|Any CPU
		{444517EE-1454-4060-8D3C-A90C51258B7D}.Release|Any CPU.Build.0 = Release|Any CPU
	EndGlobalSection
	GlobalSection(SolutionProperties) = preSolution
		HideSolutionNode = FALSE
	EndGlobalSection
	GlobalSection(ExtensibilityGlobals) = postSolution
		SolutionGuid = {1ED34640-DE2C-4C2B-AB85-349B7E95C0B4}
	EndGlobalSection
EndGlobal
